
Microsoft Visual Studio Solution File, Format Version 12.00
# Visual Studio 15
VisualStudioVersion = 15.0.28010.2003
MinimumVisualStudioVersion = 10.0.40219.1
Project("{FAE04EC0-301F-11D3-BF4B-00C04F79EFBC}") = "ElChicoDeLasListasPorConsola", "ElChicoDeLasListasPorConsola\ElChicoDeLasListasPorConsola.csproj", "{52E0ED18-69E6-4679-AF83-71B93CF004A0}"
EndProject
Global
	GlobalSection(SolutionConfigurationPlatforms) = preSolution
		Debug|Any CPU = Debug|Any CPU
		Release|Any CPU = Release|Any CPU
	EndGlobalSection
	GlobalSection(ProjectConfigurationPlatforms) = postSolution
		{52E0ED18-69E6-4679-AF83-71B93CF004A0}.Debug|Any CPU.ActiveCfg = Debug|Any CPU
		{52E0ED18-69E6-4679-AF83-71B93CF004A0}.Debug|Any CPU.Build.0 = Debug|Any CPU
		{52E0ED18-69E6-4679-AF83-71B93CF004A0}.Release|Any CPU.ActiveCfg = Release|Any CPU
		{52E0ED18-69E6-4679-AF83-71B93CF004A0}.Release|Any CPU.Build.0 = Release|Any CPU
	EndGlobalSection
	GlobalSection(SolutionProperties) = preSolution
		HideSolutionNode = FALSE
	EndGlobalSection
	GlobalSection(ExtensibilityGlobals) = postSolution
		SolutionGuid = {CFCBB78F-76F6-4E05-B490-A1FA15236DA7}
	EndGlobalSection
EndGlobal
